
Microsoft Visual Studio Solution File, Format Version 12.00
# Visual Studio 15
VisualStudioVersion = 15.0.27703.2042
MinimumVisualStudioVersion = 10.0.40219.1
Project("{9A19103F-16F7-4668-BE54-9A1E7A4F7556}") = "SportRanker.Feeds.SportRadar.NFL.Application", "SportRanker.Feeds.SportRadar.NFL.Application\SportRanker.Feeds.SportRadar.NFL.Application.csproj", "{18486AF5-B72C-4CCD-A815-B5E63E23C221}"
EndProject
Project("{9A19103F-16F7-4668-BE54-9A1E7A4F7556}") = "SportRanker.Feeds.SportRadar.NFL.Definitions", "SportRanker.Feeds.SportRadar.NFL.Definitions\SportRanker.Feeds.SportRadar.NFL.Definitions.csproj", "{A1CA7315-40B6-47E2-83E6-74FEBD7742CF}"
EndProject
Project("{9A19103F-16F7-4668-BE54-9A1E7A4F7556}") = "SportRanker.Feeds.SportRadar.NFL.Infrastructure", "SportRanker.Feeds.SportRadar.NFL.Infrastructure\SportRanker.Feeds.SportRadar.NFL.Infrastructure.csproj", "{7F19AA37-4D05-47A1-9B70-E8E216254A17}"
EndProject
Project("{9A19103F-16F7-4668-BE54-9A1E7A4F7556}") = "SportRanker.Feeds.SportRadar.NFL.Interfaces", "SportRanker.Feeds.SportRadar.NFL.Interfaces\SportRanker.Feeds.SportRadar.NFL.Interfaces.csproj", "{898EB7E2-573B-453B-9F1B-6CDE256747A8}"
EndProject
Project("{9A19103F-16F7-4668-BE54-9A1E7A4F7556}") = "SportRanker.Feeds.SportRadar.NFL.App", "SportRanker.Feeds.SportRadar.NFL.App\SportRanker.Feeds.SportRadar.NFL.App.csproj", "{7CBF503B-1230-4853-8A7F-0AD723418FB4}"
EndProject
Project("{FAE04EC0-301F-11D3-BF4B-00C04F79EFBC}") = "SportRanker.Feeds.SportRadar.NFL.TestApp", "SportRanker.Feeds.SportRadar.NFL.TestApp\SportRanker.Feeds.SportRadar.NFL.TestApp.csproj", "{4D6C8248-4751-4532-ACDA-A68AE217612F}"
EndProject
Global
	GlobalSection(SolutionConfigurationPlatforms) = preSolution
		Debug|Any CPU = Debug|Any CPU
		Release|Any CPU = Release|Any CPU
	EndGlobalSection
	GlobalSection(ProjectConfigurationPlatforms) = postSolution
		{18486AF5-B72C-4CCD-A815-B5E63E23C221}.Debug|Any CPU.ActiveCfg = Debug|Any CPU
		{18486AF5-B72C-4CCD-A815-B5E63E23C221}.Debug|Any CPU.Build.0 = Debug|Any CPU
		{18486AF5-B72C-4CCD-A815-B5E63E23C221}.Release|Any CPU.ActiveCfg = Release|Any CPU
		{18486AF5-B72C-4CCD-A815-B5E63E23C221}.Release|Any CPU.Build.0 = Release|Any CPU
		{A1CA7315-40B6-47E2-83E6-74FEBD7742CF}.Debug|Any CPU.ActiveCfg = Debug|Any CPU
		{A1CA7315-40B6-47E2-83E6-74FEBD7742CF}.Debug|Any CPU.Build.0 = Debug|Any CPU
		{A1CA7315-40B6-47E2-83E6-74FEBD7742CF}.Release|Any CPU.ActiveCfg = Release|Any CPU
		{A1CA7315-40B6-47E2-83E6-74FEBD7742CF}.Release|Any CPU.Build.0 = Release|Any CPU
		{7F19AA37-4D05-47A1-9B70-E8E216254A17}.Debug|Any CPU.ActiveCfg = Debug|Any CPU
		{7F19AA37-4D05-47A1-9B70-E8E216254A17}.Debug|Any CPU.Build.0 = Debug|Any CPU
		{7F19AA37-4D05-47A1-9B70-E8E216254A17}.Release|Any CPU.ActiveCfg = Release|Any CPU
		{7F19AA37-4D05-47A1-9B70-E8E216254A17}.Release|Any CPU.Build.0 = Release|Any CPU
		{898EB7E2-573B-453B-9F1B-6CDE256747A8}.Debug|Any CPU.ActiveCfg = Debug|Any CPU
		{898EB7E2-573B-453B-9F1B-6CDE256747A8}.Debug|Any CPU.Build.0 = Debug|Any CPU
		{898EB7E2-573B-453B-9F1B-6CDE256747A8}.Release|Any CPU.ActiveCfg = Release|Any CPU
		{898EB7E2-573B-453B-9F1B-6CDE256747A8}.Release|Any CPU.Build.0 = Release|Any CPU
		{7CBF503B-1230-4853-8A7F-0AD723418FB4}.Debug|Any CPU.ActiveCfg = Debug|Any CPU
		{7CBF503B-1230-4853-8A7F-0AD723418FB4}.Debug|Any CPU.Build.0 = Debug|Any CPU
		{7CBF503B-1230-4853-8A7F-0AD723418FB4}.Release|Any CPU.ActiveCfg = Release|Any CPU
		{7CBF503B-1230-4853-8A7F-0AD723418FB4}.Release|Any CPU.Build.0 = Release|Any CPU
		{4D6C8248-4751-4532-ACDA-A68AE217612F}.Debug|Any CPU.ActiveCfg = Debug|Any CPU
		{4D6C8248-4751-4532-ACDA-A68AE217612F}.Debug|Any CPU.Build.0 = Debug|Any CPU
		{4D6C8248-4751-4532-ACDA-A68AE217612F}.Release|Any CPU.ActiveCfg = Release|Any CPU
		{4D6C8248-4751-4532-ACDA-A68AE217612F}.Release|Any CPU.Build.0 = Release|Any CPU
	EndGlobalSection
	GlobalSection(SolutionProperties) = preSolution
		HideSolutionNode = FALSE
	EndGlobalSection
	GlobalSection(ExtensibilityGlobals) = postSolution
		SolutionGuid = {3FE70E97-7714-4C71-B51A-B102604CEA3C}
	EndGlobalSection
EndGlobal
